
Microsoft Visual Studio Solution File, Format Version 12.00
# Visual Studio Version 17
VisualStudioVersion = 17.0.31815.197
MinimumVisualStudioVersion = 10.0.40219.1
Project("{FAE04EC0-301F-11D3-BF4B-00C04F79EFBC}") = "SudokuSolver", "SudokuSolver\SudokuSolver.csproj", "{468CCF0A-3E22-4B6A-B25C-D0C10E0F298A}"
EndProject
Global
	GlobalSection(SolutionConfigurationPlatforms) = preSolution
		Debug|Any CPU = Debug|Any CPU
		Release|Any CPU = Release|Any CPU
	EndGlobalSection
	GlobalSection(ProjectConfigurationPlatforms) = postSolution
		{468CCF0A-3E22-4B6A-B25C-D0C10E0F298A}.Debug|Any CPU.ActiveCfg = Debug|Any CPU
		{468CCF0A-3E22-4B6A-B25C-D0C10E0F298A}.Debug|Any CPU.Build.0 = Debug|Any CPU
		{468CCF0A-3E22-4B6A-B25C-D0C10E0F298A}.Release|Any CPU.ActiveCfg = Release|Any CPU
		{468CCF0A-3E22-4B6A-B25C-D0C10E0F298A}.Release|Any CPU.Build.0 = Release|Any CPU
	EndGlobalSection
	GlobalSection(SolutionProperties) = preSolution
		HideSolutionNode = FALSE
	EndGlobalSection
	GlobalSection(ExtensibilityGlobals) = postSolution
		SolutionGuid = {588AE5F8-7584-4FAA-A492-82BA2ABAE38B}
	EndGlobalSection
EndGlobal
